
Microsoft Visual Studio Solution File, Format Version 12.00
# Visual Studio 15
VisualStudioVersion = 15.0.28010.2019
MinimumVisualStudioVersion = 10.0.40219.1
Project("{9A19103F-16F7-4668-BE54-9A1E7A4F7556}") = "Lottery.RaffleConsole", "Lottery.RaffleConsole\Lottery.RaffleConsole.csproj", "{5B1337AC-3771-48E9-8A7A-4335FFD18451}"
EndProject
Project("{9A19103F-16F7-4668-BE54-9A1E7A4F7556}") = "Lottery.Data", "Lottery.Data\Lottery.Data.csproj", "{0D4C4FA6-88C7-42CB-A2CB-8DA2442A376B}"
EndProject
Project("{9A19103F-16F7-4668-BE54-9A1E7A4F7556}") = "Lottery.Data.Model", "Lottery.Data.Model\Lottery.Data.Model.csproj", "{B5EA2A6B-71FC-46EF-B8BE-C5AE965B898B}"
EndProject
Project("{9A19103F-16F7-4668-BE54-9A1E7A4F7556}") = "Lottery.Service", "Lottery.Service\Lottery.Service.csproj", "{EA6E2604-8C85-4227-BA96-DE24BFD2F7BE}"
EndProject
Project("{FAE04EC0-301F-11D3-BF4B-00C04F79EFBC}") = "Lottery.Scheduler", "Lottery.Scheduler\Lottery.Scheduler.csproj", "{2CACE0D8-6688-4A38-A361-062A609FD537}"
EndProject
Global
	GlobalSection(SolutionConfigurationPlatforms) = preSolution
		Debug|Any CPU = Debug|Any CPU
		Release|Any CPU = Release|Any CPU
	EndGlobalSection
	GlobalSection(ProjectConfigurationPlatforms) = postSolution
		{5B1337AC-3771-48E9-8A7A-4335FFD18451}.Debug|Any CPU.ActiveCfg = Debug|Any CPU
		{5B1337AC-3771-48E9-8A7A-4335FFD18451}.Debug|Any CPU.Build.0 = Debug|Any CPU
		{5B1337AC-3771-48E9-8A7A-4335FFD18451}.Release|Any CPU.ActiveCfg = Release|Any CPU
		{5B1337AC-3771-48E9-8A7A-4335FFD18451}.Release|Any CPU.Build.0 = Release|Any CPU
		{0D4C4FA6-88C7-42CB-A2CB-8DA2442A376B}.Debug|Any CPU.ActiveCfg = Debug|Any CPU
		{0D4C4FA6-88C7-42CB-A2CB-8DA2442A376B}.Debug|Any CPU.Build.0 = Debug|Any CPU
		{0D4C4FA6-88C7-42CB-A2CB-8DA2442A376B}.Release|Any CPU.ActiveCfg = Release|Any CPU
		{0D4C4FA6-88C7-42CB-A2CB-8DA2442A376B}.Release|Any CPU.Build.0 = Release|Any CPU
		{B5EA2A6B-71FC-46EF-B8BE-C5AE965B898B}.Debug|Any CPU.ActiveCfg = Debug|Any CPU
		{B5EA2A6B-71FC-46EF-B8BE-C5AE965B898B}.Debug|Any CPU.Build.0 = Debug|Any CPU
		{B5EA2A6B-71FC-46EF-B8BE-C5AE965B898B}.Release|Any CPU.ActiveCfg = Release|Any CPU
		{B5EA2A6B-71FC-46EF-B8BE-C5AE965B898B}.Release|Any CPU.Build.0 = Release|Any CPU
		{EA6E2604-8C85-4227-BA96-DE24BFD2F7BE}.Debug|Any CPU.ActiveCfg = Debug|Any CPU
		{EA6E2604-8C85-4227-BA96-DE24BFD2F7BE}.Debug|Any CPU.Build.0 = Debug|Any CPU
		{EA6E2604-8C85-4227-BA96-DE24BFD2F7BE}.Release|Any CPU.ActiveCfg = Release|Any CPU
		{EA6E2604-8C85-4227-BA96-DE24BFD2F7BE}.Release|Any CPU.Build.0 = Release|Any CPU
		{2CACE0D8-6688-4A38-A361-062A609FD537}.Debug|Any CPU.ActiveCfg = Debug|Any CPU
		{2CACE0D8-6688-4A38-A361-062A609FD537}.Debug|Any CPU.Build.0 = Debug|Any CPU
		{2CACE0D8-6688-4A38-A361-062A609FD537}.Release|Any CPU.ActiveCfg = Release|Any CPU
		{2CACE0D8-6688-4A38-A361-062A609FD537}.Release|Any CPU.Build.0 = Release|Any CPU
	EndGlobalSection
	GlobalSection(SolutionProperties) = preSolution
		HideSolutionNode = FALSE
	EndGlobalSection
	GlobalSection(ExtensibilityGlobals) = postSolution
		SolutionGuid = {E103B4E0-7BFA-41E0-A7ED-E74F99ACA5F8}
	EndGlobalSection
EndGlobal
